
Microsoft Visual Studio Solution File, Format Version 12.00
# Visual Studio Version 17
VisualStudioVersion = 17.4.33205.214
MinimumVisualStudioVersion = 10.0.40219.1
Project("{2150E333-8FDC-42A3-9474-1A3956D46DE8}") = "FrontEnd", "FrontEnd", "{25D7A359-9723-48D1-A229-8E315F03ADF5}"
EndProject
Project("{2150E333-8FDC-42A3-9474-1A3956D46DE8}") = "Services", "Services", "{7B1B94B4-471B-4C28-A2FF-1384D5285D0A}"
EndProject
Project("{FAE04EC0-301F-11D3-BF4B-00C04F79EFBC}") = "Reader.Web", "Reader.Web\Reader.Web.csproj", "{612F7CCC-4359-42AB-88F8-2A2913E69771}"
EndProject
Global
	GlobalSection(SolutionConfigurationPlatforms) = preSolution
		Debug|Any CPU = Debug|Any CPU
		Release|Any CPU = Release|Any CPU
	EndGlobalSection
	GlobalSection(ProjectConfigurationPlatforms) = postSolution
		{612F7CCC-4359-42AB-88F8-2A2913E69771}.Debug|Any CPU.ActiveCfg = Debug|Any CPU
		{612F7CCC-4359-42AB-88F8-2A2913E69771}.Debug|Any CPU.Build.0 = Debug|Any CPU
		{612F7CCC-4359-42AB-88F8-2A2913E69771}.Release|Any CPU.ActiveCfg = Release|Any CPU
		{612F7CCC-4359-42AB-88F8-2A2913E69771}.Release|Any CPU.Build.0 = Release|Any CPU
	EndGlobalSection
	GlobalSection(SolutionProperties) = preSolution
		HideSolutionNode = FALSE
	EndGlobalSection
	GlobalSection(NestedProjects) = preSolution
		{612F7CCC-4359-42AB-88F8-2A2913E69771} = {25D7A359-9723-48D1-A229-8E315F03ADF5}
	EndGlobalSection
	GlobalSection(ExtensibilityGlobals) = postSolution
		SolutionGuid = {6B23B82A-56BC-4DBB-918F-23E1F516E370}
	EndGlobalSection
EndGlobal
